version = 1
revision = 3
requires-python = ">=3.11"

[manifest]
requirements = [{ name = "compforge-repocli", specifier = ">=0.5.0,<0.6" }]

[[package]]
name = "compforge-repocli"
version = "0.5.0"
source = { registry = "https://pypi.org/simple" }
dependencies = [
    { name = "harness-common" },
]
sdist = { url = "https://files.pythonhosted.org/packages/96/31/e91b4f28cb256a44d2cbd4ab4425f60de6cf5db44622c51e8f2326562cf8/compforge_repocli-0.5.0.tar.gz", hash = "sha256:3507b6aea7dce62dd749371c5df6a5daa625d4539cfe3873b047b6ba9e848d25", size = 79718, upload-time = "2026-10-08T03:09:45.716Z" }
wheels = [
    { url = "https://files.pythonhosted.org/packages/33/af/986fab8238423747a06df11f0e01ea6c70e12f4db88899c4bfe71c33c54a/compforge_repocli-0.5.0-py3-none-any.whl", hash = "sha256:68753f9842a7726025fb659c4e3e37629a726fdfe6f0eab572f15e26f1ff0011", size = 50307, upload-time = "2026-10-08T03:09:44.081Z" },
]

[[package]]
name = "harness-common"
version = "0.5.1"
source = { registry = "https://pypi.org/simple" }
sdist = { url = "https://files.pythonhosted.org/packages/c5/d6/b303f20929feaa73b0c2528e341b382e24838cfed61c30050a77ddf88702/harness_common-0.5.1.tar.gz", hash = "sha256:0fc6aa9cc234b56d684f186fc52cc7eb5fe388aa696baea47275f93845754f34", size = 35840, upload-time = "2026-09-17T14:01:12.109Z" }
wheels = [
    { url = "https://files.pythonhosted.org/packages/3c/fc/ce5a020c3bebe25a4dcdaa7cb3f5d9e489e2e317f3f69ebe62be7dc79227/harness_common-0.5.1-py3-none-any.whl", hash = "sha256:c7edb834727e79480112da56f1e46557f241d55519b5b46d8bb2c3f64d1a8545", size = 36470, upload-time = "2026-09-17T14:01:11.098Z" },
]
